// !$*UTF8*$!
{
	archiveVersion = 1;
	classes = {
	};
	objectVersion = 52;
	objects = {

/* Begin PBXBuildFile section */
		52205CCB2444CE9900DBE0DA /* Secrets.swift in Sources */ = {isa = PBXBuildFile; fileRef = 52205CCA2444CE9900DBE0DA /* Secrets.swift */; };
		52205CD22444CFF600DBE0DA /* PIxabay-Model.swift in Sources */ = {isa = PBXBuildFile; fileRef = 52205CD12444CFF600DBE0DA /* PIxabay-Model.swift */; };
		52205CD42444D06E00DBE0DA /* UIAlert.swift in Sources */ = {isa = PBXBuildFile; fileRef = 52205CD32444D06E00DBE0DA /* UIAlert.swift */; };
		52205CD72444D0CC00DBE0DA /* ImageKit in Frameworks */ = {isa = PBXBuildFile; productRef = 52205CD62444D0CC00DBE0DA /* ImageKit */; };
		52205CD92444D0E800DBE0DA /* PixabayClient.swift in Sources */ = {isa = PBXBuildFile; fileRef = 52205CD82444D0E800DBE0DA /* PixabayClient.swift */; };
		52205CDB2444DC7500DBE0DA /* Main.storyboard in Resources */ = {isa = PBXBuildFile; fileRef = 52205CDA2444DC7500DBE0DA /* Main.storyboard */; };
		52205CDE2444DCD400DBE0DA /* FavCell.swift in Sources */ = {isa = PBXBuildFile; fileRef = 52205CDD2444DCD400DBE0DA /* FavCell.swift */; };
		52205CE02444DCE100DBE0DA /* SearchCell.swift in Sources */ = {isa = PBXBuildFile; fileRef = 52205CDF2444DCE100DBE0DA /* SearchCell.swift */; };
		52205CEA2444DF3B00DBE0DA /* CoreDataManager.swift in Sources */ = {isa = PBXBuildFile; fileRef = 52205CE92444DF3B00DBE0DA /* CoreDataManager.swift */; };
		52205CEF2444E9F400DBE0DA /* Favorites+CoreDataClass.swift in Sources */ = {isa = PBXBuildFile; fileRef = 52205CEB2444E9F400DBE0DA /* Favorites+CoreDataClass.swift */; };
		52205CF02444E9F400DBE0DA /* Favorites+CoreDataProperties.swift in Sources */ = {isa = PBXBuildFile; fileRef = 52205CEC2444E9F400DBE0DA /* Favorites+CoreDataProperties.swift */; };
		52205CF12444E9F400DBE0DA /* User+CoreDataClass.swift in Sources */ = {isa = PBXBuildFile; fileRef = 52205CED2444E9F400DBE0DA /* User+CoreDataClass.swift */; };
		52205CF22444E9F400DBE0DA /* User+CoreDataProperties.swift in Sources */ = {isa = PBXBuildFile; fileRef = 52205CEE2444E9F400DBE0DA /* User+CoreDataProperties.swift */; };
		52205CF42444EFF300DBE0DA /* SearchVC.swift in Sources */ = {isa = PBXBuildFile; fileRef = 52205CF32444EFF300DBE0DA /* SearchVC.swift */; };
		52205CF62444F00000DBE0DA /* CreateVC.swift in Sources */ = {isa = PBXBuildFile; fileRef = 52205CF52444F00000DBE0DA /* CreateVC.swift */; };
		52205CF82444F00D00DBE0DA /* FavoritesVC.swift in Sources */ = {isa = PBXBuildFile; fileRef = 52205CF72444F00D00DBE0DA /* FavoritesVC.swift */; };
		52205CFA2444F02100DBE0DA /* DetailVC.swift in Sources */ = {isa = PBXBuildFile; fileRef = 52205CF92444F02100DBE0DA /* DetailVC.swift */; };
		52205CFC2444F4BD00DBE0DA /* Empty View.swift in Sources */ = {isa = PBXBuildFile; fileRef = 52205CFB2444F4BD00DBE0DA /* Empty View.swift */; };
		527C35142441488D00C1E02B /* AppDelegate.swift in Sources */ = {isa = PBXBuildFile; fileRef = 527C35132441488D00C1E02B /* AppDelegate.swift */; };
		527C35162441488D00C1E02B /* SceneDelegate.swift in Sources */ = {isa = PBXBuildFile; fileRef = 527C35152441488D00C1E02B /* SceneDelegate.swift */; };
		527C351E2441488D00C1E02B /* Pixabay_CoreData.xcdatamodeld in Sources */ = {isa = PBXBuildFile; fileRef = 527C351C2441488D00C1E02B /* Pixabay_CoreData.xcdatamodeld */; };
		527C35202441489000C1E02B /* Assets.xcassets in Resources */ = {isa = PBXBuildFile; fileRef = 527C351F2441489000C1E02B /* Assets.xcassets */; };
		527C35232441489000C1E02B /* LaunchScreen.storyboard in Resources */ = {isa = PBXBuildFile; fileRef = 527C35212441489000C1E02B /* LaunchScreen.storyboard */; };
/* End PBXBuildFile section */

/* Begin PBXFileReference section */
		52205CCA2444CE9900DBE0DA /* Secrets.swift */ = {isa = PBXFileReference; lastKnownFileType = sourcecode.swift; path = Secrets.swift; sourceTree = "<group>"; };
		52205CD12444CFF600DBE0DA /* PIxabay-Model.swift */ = {isa = PBXFileReference; lastKnownFileType = sourcecode.swift; path = "PIxabay-Model.swift"; sourceTree = "<group>"; };
		52205CD32444D06E00DBE0DA /* UIAlert.swift */ = {isa = PBXFileReference; lastKnownFileType = sourcecode.swift; path = UIAlert.swift; sourceTree = "<group>"; };
		52205CD82444D0E800DBE0DA /* PixabayClient.swift */ = {isa = PBXFileReference; lastKnownFileType = sourcecode.swift; path = PixabayClient.swift; sourceTree = "<group>"; };
		52205CDA2444DC7500DBE0DA /* Main.storyboard */ = {isa = PBXFileReference; fileEncoding = 4; lastKnownFileType = file.storyboard; path = Main.storyboard; sourceTree = "<group>"; };
		52205CDD2444DCD400DBE0DA /* FavCell.swift */ = {isa = PBXFileReference; lastKnownFileType = sourcecode.swift; path = FavCell.swift; sourceTree = "<group>"; };
		52205CDF2444DCE100DBE0DA /* SearchCell.swift */ = {isa = PBXFileReference; lastKnownFileType = sourcecode.swift; path = SearchCell.swift; sourceTree = "<group>"; };
		52205CE92444DF3B00DBE0DA /* CoreDataManager.swift */ = {isa = PBXFileReference; lastKnownFileType = sourcecode.swift; path = CoreDataManager.swift; sourceTree = "<group>"; };
		52205CEB2444E9F400DBE0DA /* Favorites+CoreDataClass.swift */ = {isa = PBXFileReference; lastKnownFileType = sourcecode.swift; path = "Favorites+CoreDataClass.swift"; sourceTree = "<group>"; };
		52205CEC2444E9F400DBE0DA /* Favorites+CoreDataProperties.swift */ = {isa = PBXFileReference; lastKnownFileType = sourcecode.swift; path = "Favorites+CoreDataProperties.swift"; sourceTree = "<group>"; };
		52205CED2444E9F400DBE0DA /* User+CoreDataClass.swift */ = {isa = PBXFileReference; lastKnownFileType = sourcecode.swift; path = "User+CoreDataClass.swift"; sourceTree = "<group>"; };
		52205CEE2444E9F400DBE0DA /* User+CoreDataProperties.swift */ = {isa = PBXFileReference; lastKnownFileType = sourcecode.swift; path = "User+CoreDataProperties.swift"; sourceTree = "<group>"; };
		52205CF32444EFF300DBE0DA /* SearchVC.swift */ = {isa = PBXFileReference; lastKnownFileType = sourcecode.swift; path = SearchVC.swift; sourceTree = "<group>"; };
		52205CF52444F00000DBE0DA /* CreateVC.swift */ = {isa = PBXFileReference; lastKnownFileType = sourcecode.swift; path = CreateVC.swift; sourceTree = "<group>"; };
		52205CF72444F00D00DBE0DA /* FavoritesVC.swift */ = {isa = PBXFileReference; lastKnownFileType = sourcecode.swift; path = FavoritesVC.swift; sourceTree = "<group>"; };
		52205CF92444F02100DBE0DA /* DetailVC.swift */ = {isa = PBXFileReference; lastKnownFileType = sourcecode.swift; path = DetailVC.swift; sourceTree = "<group>"; };
		52205CFB2444F4BD00DBE0DA /* Empty View.swift */ = {isa = PBXFileReference; lastKnownFileType = sourcecode.swift; path = "Empty View.swift"; sourceTree = "<group>"; };
		527C35102441488D00C1E02B /* Pixabay-CoreData.app */ = {isa = PBXFileReference; explicitFileType = wrapper.application; includeInIndex = 0; path = "Pixabay-CoreData.app"; sourceTree = BUILT_PRODUCTS_DIR; };
		527C35132441488D00C1E02B /* AppDelegate.swift */ = {isa = PBXFileReference; lastKnownFileType = sourcecode.swift; path = AppDelegate.swift; sourceTree = "<group>"; };
		527C35152441488D00C1E02B /* SceneDelegate.swift */ = {isa = PBXFileReference; lastKnownFileType = sourcecode.swift; path = SceneDelegate.swift; sourceTree = "<group>"; };
		527C351D2441488D00C1E02B /* Pixabay_CoreData.xcdatamodel */ = {isa = PBXFileReference; lastKnownFileType = wrapper.xcdatamodel; path = Pixabay_CoreData.xcdatamodel; sourceTree = "<group>"; };
		527C351F2441489000C1E02B /* Assets.xcassets */ = {isa = PBXFileReference; lastKnownFileType = folder.assetcatalog; path = Assets.xcassets; sourceTree = "<group>"; };
		527C35222441489000C1E02B /* Base */ = {isa = PBXFileReference; lastKnownFileType = file.storyboard; name = Base; path = Base.lproj/LaunchScreen.storyboard; sourceTree = "<group>"; };
		527C35242441489000C1E02B /* Info.plist */ = {isa = PBXFileReference; lastKnownFileType = text.plist.xml; path = Info.plist; sourceTree = "<group>"; };
/* End PBXFileReference section */

/* Begin PBXFrameworksBuildPhase section */
		527C350D2441488D00C1E02B /* Frameworks */ = {
			isa = PBXFrameworksBuildPhase;
			buildActionMask = 2147483647;
			files = (
				52205CD72444D0CC00DBE0DA /* ImageKit in Frameworks */,
			);
			runOnlyForDeploymentPostprocessing = 0;
		};
/* End PBXFrameworksBuildPhase section */

/* Begin PBXGroup section */
		52205CC92444CE8B00DBE0DA /* Secrets */ = {
			isa = PBXGroup;
			children = (
				52205CCA2444CE9900DBE0DA /* Secrets.swift */,
			);
			path = Secrets;
			sourceTree = "<group>";
		};
		52205CCC2444CED800DBE0DA /* Model */ = {
			isa = PBXGroup;
			children = (
				52205CD12444CFF600DBE0DA /* PIxabay-Model.swift */,
			);
			path = Model;
			sourceTree = "<group>";
		};
		52205CCD2444CEE100DBE0DA /* API */ = {
			isa = PBXGroup;
			children = (
				52205CD82444D0E800DBE0DA /* PixabayClient.swift */,
			);
			path = API;
			sourceTree = "<group>";
		};
		52205CCE2444CF0B00DBE0DA /* Supporting */ = {
			isa = PBXGroup;
			children = (
				527C35132441488D00C1E02B /* AppDelegate.swift */,
				527C35152441488D00C1E02B /* SceneDelegate.swift */,
				527C35212441489000C1E02B /* LaunchScreen.storyboard */,
				52205CD32444D06E00DBE0DA /* UIAlert.swift */,
				52205CFB2444F4BD00DBE0DA /* Empty View.swift */,
			);
			path = Supporting;
			sourceTree = "<group>";
		};
		52205CCF2444CF1400DBE0DA /* VC */ = {
			isa = PBXGroup;
			children = (
				52205CF32444EFF300DBE0DA /* SearchVC.swift */,
				52205CF52444F00000DBE0DA /* CreateVC.swift */,
				52205CF72444F00D00DBE0DA /* FavoritesVC.swift */,
				52205CF92444F02100DBE0DA /* DetailVC.swift */,
			);
			path = VC;
			sourceTree = "<group>";
		};
		52205CD02444CF2000DBE0DA /* CoreData */ = {
			isa = PBXGroup;
			children = (
				52205CEB2444E9F400DBE0DA /* Favorites+CoreDataClass.swift */,
				52205CEC2444E9F400DBE0DA /* Favorites+CoreDataProperties.swift */,
				52205CED2444E9F400DBE0DA /* User+CoreDataClass.swift */,
				52205CEE2444E9F400DBE0DA /* User+CoreDataProperties.swift */,
				52205CE92444DF3B00DBE0DA /* CoreDataManager.swift */,
			);
			path = CoreData;
			sourceTree = "<group>";
		};
		52205CDC2444DCB700DBE0DA /* Cells */ = {
			isa = PBXGroup;
			children = (
				52205CDD2444DCD400DBE0DA /* FavCell.swift */,
				52205CDF2444DCE100DBE0DA /* SearchCell.swift */,
			);
			path = Cells;
			sourceTree = "<group>";
		};
		527C35072441488D00C1E02B = {
			isa = PBXGroup;
			children = (
				527C35122441488D00C1E02B /* Pixabay-CoreData */,
				527C35112441488D00C1E02B /* Products */,
			);
			sourceTree = "<group>";
		};
		527C35112441488D00C1E02B /* Products */ = {
			isa = PBXGroup;
			children = (
				527C35102441488D00C1E02B /* Pixabay-CoreData.app */,
			);
			name = Products;
			sourceTree = "<group>";
		};
		527C35122441488D00C1E02B /* Pixabay-CoreData */ = {
			isa = PBXGroup;
			children = (
				52205CDC2444DCB700DBE0DA /* Cells */,
				52205CD02444CF2000DBE0DA /* CoreData */,
				52205CCF2444CF1400DBE0DA /* VC */,
				52205CCD2444CEE100DBE0DA /* API */,
				52205CCC2444CED800DBE0DA /* Model */,
				52205CC92444CE8B00DBE0DA /* Secrets */,
				52205CCE2444CF0B00DBE0DA /* Supporting */,
				527C351F2441489000C1E02B /* Assets.xcassets */,
				52205CDA2444DC7500DBE0DA /* Main.storyboard */,
				527C35242441489000C1E02B /* Info.plist */,
				527C351C2441488D00C1E02B /* Pixabay_CoreData.xcdatamodeld */,
			);
			path = "Pixabay-CoreData";
			sourceTree = "<group>";
		};
/* End PBXGroup section */

/* Begin PBXNativeTarget section */
		527C350F2441488D00C1E02B /* Pixabay-CoreData */ = {
			isa = PBXNativeTarget;
			buildConfigurationList = 527C35272441489000C1E02B /* Build configuration list for PBXNativeTarget "Pixabay-CoreData" */;
			buildPhases = (
				527C350C2441488D00C1E02B /* Sources */,
				527C350D2441488D00C1E02B /* Frameworks */,
				527C350E2441488D00C1E02B /* Resources */,
			);
			buildRules = (
			);
			dependencies = (
			);
			name = "Pixabay-CoreData";
			packageProductDependencies = (
				52205CD62444D0CC00DBE0DA /* ImageKit */,
			);
			productName = "Pixabay-CoreData";
			productReference = 527C35102441488D00C1E02B /* Pixabay-CoreData.app */;
			productType = "com.apple.product-type.application";
		};
/* End PBXNativeTarget section */

/* Begin PBXProject section */
		527C35082441488D00C1E02B /* Project object */ = {
			isa = PBXProject;
			attributes = {
				LastSwiftUpdateCheck = 1140;
				LastUpgradeCheck = 1140;
				ORGANIZATIONNAME = "Tsering Lama";
				TargetAttributes = {
					527C350F2441488D00C1E02B = {
						CreatedOnToolsVersion = 11.4;
					};
				};
			};
			buildConfigurationList = 527C350B2441488D00C1E02B /* Build configuration list for PBXProject "Pixabay-CoreData" */;
			compatibilityVersion = "Xcode 9.3";
			developmentRegion = en;
			hasScannedForEncodings = 0;
			knownRegions = (
				en,
				Base,
			);
			mainGroup = 527C35072441488D00C1E02B;
			packageReferences = (
				52205CD52444D0CC00DBE0DA /* XCRemoteSwiftPackageReference "ImageKit" */,
			);
			productRefGroup = 527C35112441488D00C1E02B /* Products */;
			projectDirPath = "";
			projectRoot = "";
			targets = (
				527C350F2441488D00C1E02B /* Pixabay-CoreData */,
			);
		};
/* End PBXProject section */

/* Begin PBXResourcesBuildPhase section */
		527C350E2441488D00C1E02B /* Resources */ = {
			isa = PBXResourcesBuildPhase;
			buildActionMask = 2147483647;
			files = (
				527C35232441489000C1E02B /* LaunchScreen.storyboard in Resources */,
				527C35202441489000C1E02B /* Assets.xcassets in Resources */,
				52205CDB2444DC7500DBE0DA /* Main.storyboard in Resources */,
			);
			runOnlyForDeploymentPostprocessing = 0;
		};
/* End PBXResourcesBuildPhase section */

/* Begin PBXSourcesBuildPhase section */
		527C350C2441488D00C1E02B /* Sources */ = {
			isa = PBXSourcesBuildPhase;
			buildActionMask = 2147483647;
			files = (
				52205CD22444CFF600DBE0DA /* PIxabay-Model.swift in Sources */,
				52205CE02444DCE100DBE0DA /* SearchCell.swift in Sources */,
				52205CDE2444DCD400DBE0DA /* FavCell.swift in Sources */,
				52205CF12444E9F400DBE0DA /* User+CoreDataClass.swift in Sources */,
				52205CCB2444CE9900DBE0DA /* Secrets.swift in Sources */,
				52205CFA2444F02100DBE0DA /* DetailVC.swift in Sources */,
				52205CD92444D0E800DBE0DA /* PixabayClient.swift in Sources */,
				52205CF82444F00D00DBE0DA /* FavoritesVC.swift in Sources */,
				52205CF62444F00000DBE0DA /* CreateVC.swift in Sources */,
				52205CF42444EFF300DBE0DA /* SearchVC.swift in Sources */,
				527C351E2441488D00C1E02B /* Pixabay_CoreData.xcdatamodeld in Sources */,
				527C35142441488D00C1E02B /* AppDelegate.swift in Sources */,
				52205CF02444E9F400DBE0DA /* Favorites+CoreDataProperties.swift in Sources */,
				52205CD42444D06E00DBE0DA /* UIAlert.swift in Sources */,
				52205CF22444E9F400DBE0DA /* User+CoreDataProperties.swift in Sources */,
				52205CEF2444E9F400DBE0DA /* Favorites+CoreDataClass.swift in Sources */,
				52205CEA2444DF3B00DBE0DA /* CoreDataManager.swift in Sources */,
				52205CFC2444F4BD00DBE0DA /* Empty View.swift in Sources */,
				527C35162441488D00C1E02B /* SceneDelegate.swift in Sources */,
			);
			runOnlyForDeploymentPostprocessing = 0;
		};
/* End PBXSourcesBuildPhase section */

/* Begin PBXVariantGroup section */
		527C35212441489000C1E02B /* LaunchScreen.storyboard */ = {
			isa = PBXVariantGroup;
			children = (
				527C35222441489000C1E02B /* Base */,
			);
			name = LaunchScreen.storyboard;
			sourceTree = "<group>";
		};
/* End PBXVariantGroup section */

/* Begin XCBuildConfiguration section */
		527C35252441489000C1E02B /* Debug */ = {
			isa = XCBuildConfiguration;
			buildSettings = {
				ALWAYS_SEARCH_USER_PATHS = NO;
				CLANG_ANALYZER_NONNULL = YES;
				CLANG_ANALYZER_NUMBER_OBJECT_CONVERSION = YES_AGGRESSIVE;
				CLANG_CXX_LANGUAGE_STANDARD = "gnu++14";
				CLANG_CXX_LIBRARY = "libc++";
				CLANG_ENABLE_MODULES = YES;
				CLANG_ENABLE_OBJC_ARC = YES;
				CLANG_ENABLE_OBJC_WEAK = YES;
				CLANG_WARN_BLOCK_CAPTURE_AUTORELEASING = YES;
				CLANG_WARN_BOOL_CONVERSION = YES;
				CLANG_WARN_COMMA = YES;
				CLANG_WARN_CONSTANT_CONVERSION = YES;
				CLANG_WARN_DEPRECATED_OBJC_IMPLEMENTATIONS = YES;
				CLANG_WARN_DIRECT_OBJC_ISA_USAGE = YES_ERROR;
				CLANG_WARN_DOCUMENTATION_COMMENTS = YES;
				CLANG_WARN_EMPTY_BODY = YES;
				CLANG_WARN_ENUM_CONVERSION = YES;
				CLANG_WARN_INFINITE_RECURSION = YES;
				CLANG_WARN_INT_CONVERSION = YES;
				CLANG_WARN_NON_LITERAL_NULL_CONVERSION = YES;
				CLANG_WARN_OBJC_IMPLICIT_RETAIN_SELF = YES;
				CLANG_WARN_OBJC_LITERAL_CONVERSION = YES;
				CLANG_WARN_OBJC_ROOT_CLASS = YES_ERROR;
				CLANG_WARN_RANGE_LOOP_ANALYSIS = YES;
				CLANG_WARN_STRICT_PROTOTYPES = YES;
				CLANG_WARN_SUSPICIOUS_MOVE = YES;
				CLANG_WARN_UNGUARDED_AVAILABILITY = YES_AGGRESSIVE;
				CLANG_WARN_UNREACHABLE_CODE = YES;
				CLANG_WARN__DUPLICATE_METHOD_MATCH = YES;
				COPY_PHASE_STRIP = NO;
				DEBUG_INFORMATION_FORMAT = dwarf;
				ENABLE_STRICT_OBJC_MSGSEND = YES;
				ENABLE_TESTABILITY = YES;
				GCC_C_LANGUAGE_STANDARD = gnu11;
				GCC_DYNAMIC_NO_PIC = NO;
				GCC_NO_COMMON_BLOCKS = YES;
				GCC_OPTIMIZATION_LEVEL = 0;
				GCC_PREPROCESSOR_DEFINITIONS = (
					"DEBUG=1",
					"$(inherited)",
				);
				GCC_WARN_64_TO_32_BIT_CONVERSION = YES;
				GCC_WARN_ABOUT_RETURN_TYPE = YES_ERROR;
				GCC_WARN_UNDECLARED_SELECTOR = YES;
				GCC_WARN_UNINITIALIZED_AUTOS = YES_AGGRESSIVE;
				GCC_WARN_UNUSED_FUNCTION = YES;
				GCC_WARN_UNUSED_VARIABLE = YES;
				IPHONEOS_DEPLOYMENT_TARGET = 13.4;
				MTL_ENABLE_DEBUG_INFO = INCLUDE_SOURCE;
				MTL_FAST_MATH = YES;
				ONLY_ACTIVE_ARCH = YES;
				SDKROOT = iphoneos;
				SWIFT_ACTIVE_COMPILATION_CONDITIONS = DEBUG;
				SWIFT_OPTIMIZATION_LEVEL = "-Onone";
			};
			name = Debug;
		};
		527C35262441489000C1E02B /* Release */ = {
			isa = XCBuildConfiguration;
			buildSettings = {
				ALWAYS_SEARCH_USER_PATHS = NO;
				CLANG_ANALYZER_NONNULL = YES;
				CLANG_ANALYZER_NUMBER_OBJECT_CONVERSION = YES_AGGRESSIVE;
				CLANG_CXX_LANGUAGE_STANDARD = "gnu++14";
				CLANG_CXX_LIBRARY = "libc++";
				CLANG_ENABLE_MODULES = YES;
				CLANG_ENABLE_OBJC_ARC = YES;
				CLANG_ENABLE_OBJC_WEAK = YES;
				CLANG_WARN_BLOCK_CAPTURE_AUTORELEASING = YES;
				CLANG_WARN_BOOL_CONVERSION = YES;
				CLANG_WARN_COMMA = YES;
				CLANG_WARN_CONSTANT_CONVERSION = YES;
				CLANG_WARN_DEPRECATED_OBJC_IMPLEMENTATIONS = YES;
				CLANG_WARN_DIRECT_OBJC_ISA_USAGE = YES_ERROR;
				CLANG_WARN_DOCUMENTATION_COMMENTS = YES;
				CLANG_WARN_EMPTY_BODY = YES;
				CLANG_WARN_ENUM_CONVERSION = YES;
				CLANG_WARN_INFINITE_RECURSION = YES;
				CLANG_WARN_INT_CONVERSION = YES;
				CLANG_WARN_NON_LITERAL_NULL_CONVERSION = YES;
				CLANG_WARN_OBJC_IMPLICIT_RETAIN_SELF = YES;
				CLANG_WARN_OBJC_LITERAL_CONVERSION = YES;
				CLANG_WARN_OBJC_ROOT_CLASS = YES_ERROR;
				CLANG_WARN_RANGE_LOOP_ANALYSIS = YES;
				CLANG_WARN_STRICT_PROTOTYPES = YES;
				CLANG_WARN_SUSPICIOUS_MOVE = YES;
				CLANG_WARN_UNGUARDED_AVAILABILITY = YES_AGGRESSIVE;
				CLANG_WARN_UNREACHABLE_CODE = YES;
				CLANG_WARN__DUPLICATE_METHOD_MATCH = YES;
				COPY_PHASE_STRIP = NO;
				DEBUG_INFORMATION_FORMAT = "dwarf-with-dsym";
				ENABLE_NS_ASSERTIONS = NO;
				ENABLE_STRICT_OBJC_MSGSEND = YES;
				GCC_C_LANGUAGE_STANDARD = gnu11;
				GCC_NO_COMMON_BLOCKS = YES;
				GCC_WARN_64_TO_32_BIT_CONVERSION = YES;
				GCC_WARN_ABOUT_RETURN_TYPE = YES_ERROR;
				GCC_WARN_UNDECLARED_SELECTOR = YES;
				GCC_WARN_UNINITIALIZED_AUTOS = YES_AGGRESSIVE;
				GCC_WARN_UNUSED_FUNCTION = YES;
				GCC_WARN_UNUSED_VARIABLE = YES;
				IPHONEOS_DEPLOYMENT_TARGET = 13.4;
				MTL_ENABLE_DEBUG_INFO = NO;
				MTL_FAST_MATH = YES;
				SDKROOT = iphoneos;
				SWIFT_COMPILATION_MODE = wholemodule;
				SWIFT_OPTIMIZATION_LEVEL = "-O";
				VALIDATE_PRODUCT = YES;
			};
			name = Release;
		};
		527C35282441489000C1E02B /* Debug */ = {
			isa = XCBuildConfiguration;
			buildSettings = {
				ASSETCATALOG_COMPILER_APPICON_NAME = AppIcon;
				CODE_SIGN_STYLE = Automatic;
				DEVELOPMENT_TEAM = 83DYP84L8W;
				INFOPLIST_FILE = "Pixabay-CoreData/Info.plist";
				LD_RUNPATH_SEARCH_PATHS = (
					"$(inherited)",
					"@executable_path/Frameworks",
				);
				PRODUCT_BUNDLE_IDENTIFIER = "org.pursuit.Pixabay-CoreData";
				PRODUCT_NAME = "$(TARGET_NAME)";
				SWIFT_VERSION = 5.0;
				TARGETED_DEVICE_FAMILY = "1,2";
			};
			name = Debug;
		};
		527C35292441489000C1E02B /* Release */ = {
			isa = XCBuildConfiguration;
			buildSettings = {
				ASSETCATALOG_COMPILER_APPICON_NAME = AppIcon;
				CODE_SIGN_STYLE = Automatic;
				DEVELOPMENT_TEAM = 83DYP84L8W;
				INFOPLIST_FILE = "Pixabay-CoreData/Info.plist";
				LD_RUNPATH_SEARCH_PATHS = (
					"$(inherited)",
					"@executable_path/Frameworks",
				);
				PRODUCT_BUNDLE_IDENTIFIER = "org.pursuit.Pixabay-CoreData";
				PRODUCT_NAME = "$(TARGET_NAME)";
				SWIFT_VERSION = 5.0;
				TARGETED_DEVICE_FAMILY = "1,2";
			};
			name = Release;
		};
/* End XCBuildConfiguration section */

/* Begin XCConfigurationList section */
		527C350B2441488D00C1E02B /* Build configuration list for PBXProject "Pixabay-CoreData" */ = {
			isa = XCConfigurationList;
			buildConfigurations = (
				527C35252441489000C1E02B /* Debug */,
				527C35262441489000C1E02B /* Release */,
			);
			defaultConfigurationIsVisible = 0;
			defaultConfigurationName = Release;
		};
		527C35272441489000C1E02B /* Build configuration list for PBXNativeTarget "Pixabay-CoreData" */ = {
			isa = XCConfigurationList;
			buildConfigurations = (
				527C35282441489000C1E02B /* Debug */,
				527C35292441489000C1E02B /* Release */,
			);
			defaultConfigurationIsVisible = 0;
			defaultConfigurationName = Release;
		};
/* End XCConfigurationList section */

/* Begin XCRemoteSwiftPackageReference section */
		52205CD52444D0CC00DBE0DA /* XCRemoteSwiftPackageReference "ImageKit" */ = {
			isa = XCRemoteSwiftPackageReference;
			repositoryURL = "https://github.com/alexpaul/ImageKit.git";
			requirement = {
				kind = upToNextMajorVersion;
				minimumVersion = 1.0.5;
			};
		};
/* End XCRemoteSwiftPackageReference section */

/* Begin XCSwiftPackageProductDependency section */
		52205CD62444D0CC00DBE0DA /* ImageKit */ = {
			isa = XCSwiftPackageProductDependency;
			package = 52205CD52444D0CC00DBE0DA /* XCRemoteSwiftPackageReference "ImageKit" */;
			productName = ImageKit;
		};
/* End XCSwiftPackageProductDependency section */

/* Begin XCVersionGroup section */
		527C351C2441488D00C1E02B /* Pixabay_CoreData.xcdatamodeld */ = {
			isa = XCVersionGroup;
			children = (
				527C351D2441488D00C1E02B /* Pixabay_CoreData.xcdatamodel */,
			);
			currentVersion = 527C351D2441488D00C1E02B /* Pixabay_CoreData.xcdatamodel */;
			path = Pixabay_CoreData.xcdatamodeld;
			sourceTree = "<group>";
			versionGroupType = wrapper.xcdatamodel;
		};
/* End XCVersionGroup section */
	};
	rootObject = 527C35082441488D00C1E02B /* Project object */;
}
